
Microsoft Visual Studio Solution File, Format Version 12.00
# Visual Studio Version 16
VisualStudioVersion = 16.0.30907.101
MinimumVisualStudioVersion = 10.0.40219.1
Project("{FAE04EC0-301F-11D3-BF4B-00C04F79EFBC}") = "lab", "lab\lab.csproj", "{BC0365E0-D7B7-41E5-9980-674841FFCC2E}"
EndProject
Global
	GlobalSection(SolutionConfigurationPlatforms) = preSolution
		Debug|Any CPU = Debug|Any CPU
		Release|Any CPU = Release|Any CPU
	EndGlobalSection
	GlobalSection(ProjectConfigurationPlatforms) = postSolution
		{BC0365E0-D7B7-41E5-9980-674841FFCC2E}.Debug|Any CPU.ActiveCfg = Debug|Any CPU
		{BC0365E0-D7B7-41E5-9980-674841FFCC2E}.Debug|Any CPU.Build.0 = Debug|Any CPU
		{BC0365E0-D7B7-41E5-9980-674841FFCC2E}.Release|Any CPU.ActiveCfg = Release|Any CPU
		{BC0365E0-D7B7-41E5-9980-674841FFCC2E}.Release|Any CPU.Build.0 = Release|Any CPU
	EndGlobalSection
	GlobalSection(SolutionProperties) = preSolution
		HideSolutionNode = FALSE
	EndGlobalSection
	GlobalSection(ExtensibilityGlobals) = postSolution
		SolutionGuid = {E5067BF3-247F-40E8-BA63-7890D7C179D1}
	EndGlobalSection
EndGlobal
